
Microsoft Visual Studio Solution File, Format Version 12.00
# Visual Studio Version 16
VisualStudioVersion = 16.0.31624.102
MinimumVisualStudioVersion = 10.0.40219.1
Project("{FAE04EC0-301F-11D3-BF4B-00C04F79EFBC}") = "KarakterTerstenYazdirma", "KarakterTerstenYazdirma\KarakterTerstenYazdirma.csproj", "{3C0070C3-22B3-42BF-AF20-C89B7A96E9F9}"
EndProject
Global
	GlobalSection(SolutionConfigurationPlatforms) = preSolution
		Debug|Any CPU = Debug|Any CPU
		Release|Any CPU = Release|Any CPU
	EndGlobalSection
	GlobalSection(ProjectConfigurationPlatforms) = postSolution
		{3C0070C3-22B3-42BF-AF20-C89B7A96E9F9}.Debug|Any CPU.ActiveCfg = Debug|Any CPU
		{3C0070C3-22B3-42BF-AF20-C89B7A96E9F9}.Debug|Any CPU.Build.0 = Debug|Any CPU
		{3C0070C3-22B3-42BF-AF20-C89B7A96E9F9}.Release|Any CPU.ActiveCfg = Release|Any CPU
		{3C0070C3-22B3-42BF-AF20-C89B7A96E9F9}.Release|Any CPU.Build.0 = Release|Any CPU
	EndGlobalSection
	GlobalSection(SolutionProperties) = preSolution
		HideSolutionNode = FALSE
	EndGlobalSection
	GlobalSection(ExtensibilityGlobals) = postSolution
		SolutionGuid = {3C10F4E5-1CFF-4CDD-B890-F8C05AE1D6CC}
	EndGlobalSection
EndGlobal
