
Microsoft Visual Studio Solution File, Format Version 12.00
# Visual Studio Version 16
VisualStudioVersion = 16.0.30114.105
MinimumVisualStudioVersion = 10.0.40219.1
Project("{FAE04EC0-301F-11D3-BF4B-00C04F79EFBC}") = "WebApi", "WebApi\WebApi.csproj", "{66AC446B-AEEB-4E94-B9D6-9B4AEAFB74D0}"
EndProject
Project("{2150E333-8FDC-42A3-9474-1A3956D46DE8}") = "Tests", "Tests", "{154D387B-4C1B-4600-96DC-EE76AC6C6A6E}"
EndProject
Project("{FAE04EC0-301F-11D3-BF4B-00C04F79EFBC}") = "WebApi.UnitTests", "Tests\WebApi.UnitTests\WebApi.UnitTests.csproj", "{A6BD72B4-F346-419F-AB3B-AD0C41197A12}"
EndProject
Global
	GlobalSection(SolutionConfigurationPlatforms) = preSolution
		Debug|Any CPU = Debug|Any CPU
		Debug|x64 = Debug|x64
		Debug|x86 = Debug|x86
		Release|Any CPU = Release|Any CPU
		Release|x64 = Release|x64
		Release|x86 = Release|x86
	EndGlobalSection
	GlobalSection(SolutionProperties) = preSolution
		HideSolutionNode = FALSE
	EndGlobalSection
	GlobalSection(ProjectConfigurationPlatforms) = postSolution
		{66AC446B-AEEB-4E94-B9D6-9B4AEAFB74D0}.Debug|Any CPU.ActiveCfg = Debug|Any CPU
		{66AC446B-AEEB-4E94-B9D6-9B4AEAFB74D0}.Debug|Any CPU.Build.0 = Debug|Any CPU
		{66AC446B-AEEB-4E94-B9D6-9B4AEAFB74D0}.Debug|x64.ActiveCfg = Debug|Any CPU
		{66AC446B-AEEB-4E94-B9D6-9B4AEAFB74D0}.Debug|x64.Build.0 = Debug|Any CPU
		{66AC446B-AEEB-4E94-B9D6-9B4AEAFB74D0}.Debug|x86.ActiveCfg = Debug|Any CPU
		{66AC446B-AEEB-4E94-B9D6-9B4AEAFB74D0}.Debug|x86.Build.0 = Debug|Any CPU
		{66AC446B-AEEB-4E94-B9D6-9B4AEAFB74D0}.Release|Any CPU.ActiveCfg = Release|Any CPU
		{66AC446B-AEEB-4E94-B9D6-9B4AEAFB74D0}.Release|Any CPU.Build.0 = Release|Any CPU
		{66AC446B-AEEB-4E94-B9D6-9B4AEAFB74D0}.Release|x64.ActiveCfg = Release|Any CPU
		{66AC446B-AEEB-4E94-B9D6-9B4AEAFB74D0}.Release|x64.Build.0 = Release|Any CPU
		{66AC446B-AEEB-4E94-B9D6-9B4AEAFB74D0}.Release|x86.ActiveCfg = Release|Any CPU
		{66AC446B-AEEB-4E94-B9D6-9B4AEAFB74D0}.Release|x86.Build.0 = Release|Any CPU
		{A6BD72B4-F346-419F-AB3B-AD0C41197A12}.Debug|Any CPU.ActiveCfg = Debug|Any CPU
		{A6BD72B4-F346-419F-AB3B-AD0C41197A12}.Debug|Any CPU.Build.0 = Debug|Any CPU
		{A6BD72B4-F346-419F-AB3B-AD0C41197A12}.Debug|x64.ActiveCfg = Debug|Any CPU
		{A6BD72B4-F346-419F-AB3B-AD0C41197A12}.Debug|x64.Build.0 = Debug|Any CPU
		{A6BD72B4-F346-419F-AB3B-AD0C41197A12}.Debug|x86.ActiveCfg = Debug|Any CPU
		{A6BD72B4-F346-419F-AB3B-AD0C41197A12}.Debug|x86.Build.0 = Debug|Any CPU
		{A6BD72B4-F346-419F-AB3B-AD0C41197A12}.Release|Any CPU.ActiveCfg = Release|Any CPU
		{A6BD72B4-F346-419F-AB3B-AD0C41197A12}.Release|Any CPU.Build.0 = Release|Any CPU
		{A6BD72B4-F346-419F-AB3B-AD0C41197A12}.Release|x64.ActiveCfg = Release|Any CPU
		{A6BD72B4-F346-419F-AB3B-AD0C41197A12}.Release|x64.Build.0 = Release|Any CPU
		{A6BD72B4-F346-419F-AB3B-AD0C41197A12}.Release|x86.ActiveCfg = Release|Any CPU
		{A6BD72B4-F346-419F-AB3B-AD0C41197A12}.Release|x86.Build.0 = Release|Any CPU
	EndGlobalSection
	GlobalSection(NestedProjects) = preSolution
		{A6BD72B4-F346-419F-AB3B-AD0C41197A12} = {154D387B-4C1B-4600-96DC-EE76AC6C6A6E}
	EndGlobalSection
EndGlobal
